
Microsoft Visual Studio Solution File, Format Version 12.00
# Visual Studio Version 17
VisualStudioVersion = 17.4.33103.184
MinimumVisualStudioVersion = 10.0.40219.1
Project("{FAE04EC0-301F-11D3-BF4B-00C04F79EFBC}") = "TodoListProject", "TodoListProject\TodoListProject.csproj", "{608D95E8-0624-402E-9D96-DB6AB435021A}"
EndProject
Global
	GlobalSection(SolutionConfigurationPlatforms) = preSolution
		Debug|Any CPU = Debug|Any CPU
		Release|Any CPU = Release|Any CPU
	EndGlobalSection
	GlobalSection(ProjectConfigurationPlatforms) = postSolution
		{608D95E8-0624-402E-9D96-DB6AB435021A}.Debug|Any CPU.ActiveCfg = Debug|Any CPU
		{608D95E8-0624-402E-9D96-DB6AB435021A}.Debug|Any CPU.Build.0 = Debug|Any CPU
		{608D95E8-0624-402E-9D96-DB6AB435021A}.Release|Any CPU.ActiveCfg = Release|Any CPU
		{608D95E8-0624-402E-9D96-DB6AB435021A}.Release|Any CPU.Build.0 = Release|Any CPU
	EndGlobalSection
	GlobalSection(SolutionProperties) = preSolution
		HideSolutionNode = FALSE
	EndGlobalSection
	GlobalSection(ExtensibilityGlobals) = postSolution
		SolutionGuid = {DBBAD1F2-5C07-4470-B542-BDDAA8BE9E70}
	EndGlobalSection
EndGlobal
